// !$*UTF8*$!
{
	archiveVersion = 1;
	classes = {
	};
	objectVersion = 46;
	objects = {

/* Begin PBXBuildFile section */
		0D0F10BF1D298BAA00C91AE9 /* Storyboard.swift in Sources */ = {isa = PBXBuildFile; fileRef = 0D0F10BE1D298BAA00C91AE9 /* Storyboard.swift */; };
		0D35B1321CDFAF0B00601560 /* UIImagePickerController+Extras.swift in Sources */ = {isa = PBXBuildFile; fileRef = 0D35B1311CDFAF0B00601560 /* UIImagePickerController+Extras.swift */; };
		0D4A31371D0D1DBF0054AA55 /* LiveObjectList.swift in Sources */ = {isa = PBXBuildFile; fileRef = 0D4A31361D0D1DBF0054AA55 /* LiveObjectList.swift */; };
		0D5707281D12695B0045C6AE /* Segue.swift in Sources */ = {isa = PBXBuildFile; fileRef = 0D5707271D12695B0045C6AE /* Segue.swift */; };
		0D6E473A1CD0648A009FAA0C /* UIimage+Extras.swift in Sources */ = {isa = PBXBuildFile; fileRef = 0D6E47391CD0648A009FAA0C /* UIimage+Extras.swift */; };
		0D7BA03A1CD55AA10037DD1B /* UIControl+Blocks.swift in Sources */ = {isa = PBXBuildFile; fileRef = 0D7BA0391CD55AA10037DD1B /* UIControl+Blocks.swift */; };
		0D7BA04F1CD5D5850037DD1B /* UITextField+PickerView.swift in Sources */ = {isa = PBXBuildFile; fileRef = 0D7BA04E1CD5D5850037DD1B /* UITextField+PickerView.swift */; };
		0D85ADA01CDFEBB100BC5B07 /* String+Extras.swift in Sources */ = {isa = PBXBuildFile; fileRef = 0D85AD9E1CDFCBC100BC5B07 /* String+Extras.swift */; };
		0D9C64751CC45C1800B7AA5C /* NSObject+AssociatedObject.swift in Sources */ = {isa = PBXBuildFile; fileRef = 0D9C64741CC45C1800B7AA5C /* NSObject+AssociatedObject.swift */; };
		0D9C64861CC4807200B7AA5C /* UIScrollView+Keyboard.swift in Sources */ = {isa = PBXBuildFile; fileRef = 0D9C64851CC4807200B7AA5C /* UIScrollView+Keyboard.swift */; };
		0D9ED8001D0501C500FFA284 /* UIResponder+TextInput.swift in Sources */ = {isa = PBXBuildFile; fileRef = 0D9ED7FF1D0501C500FFA284 /* UIResponder+TextInput.swift */; };
		0D9ED8021D0501D900FFA284 /* UIKit+Extras.swift in Sources */ = {isa = PBXBuildFile; fileRef = 0D9ED8011D0501D900FFA284 /* UIKit+Extras.swift */; };
		0DABFE6E1CC48F9B00C9A44A /* UITextField+DatePicker.swift in Sources */ = {isa = PBXBuildFile; fileRef = 0DABFE6D1CC48F9B00C9A44A /* UITextField+DatePicker.swift */; };
		0DABFE701CC4958B00C9A44A /* Foundation+Extensions.swift in Sources */ = {isa = PBXBuildFile; fileRef = 0DABFE6F1CC4958B00C9A44A /* Foundation+Extensions.swift */; };
/* End PBXBuildFile section */

/* Begin PBXFileReference section */
		0D0F10BE1D298BAA00C91AE9 /* Storyboard.swift */ = {isa = PBXFileReference; fileEncoding = 4; lastKnownFileType = sourcecode.swift; path = Storyboard.swift; sourceTree = "<group>"; };
		0D0F10C01D298FC500C91AE9 /* genswiftstoryboards.swift */ = {isa = PBXFileReference; lastKnownFileType = sourcecode.swift; path = genswiftstoryboards.swift; sourceTree = "<group>"; };
		0D35B1311CDFAF0B00601560 /* UIImagePickerController+Extras.swift */ = {isa = PBXFileReference; fileEncoding = 4; lastKnownFileType = sourcecode.swift; path = "UIImagePickerController+Extras.swift"; sourceTree = "<group>"; };
		0D4A31361D0D1DBF0054AA55 /* LiveObjectList.swift */ = {isa = PBXFileReference; fileEncoding = 4; lastKnownFileType = sourcecode.swift; path = LiveObjectList.swift; sourceTree = "<group>"; };
		0D5707271D12695B0045C6AE /* Segue.swift */ = {isa = PBXFileReference; fileEncoding = 4; lastKnownFileType = sourcecode.swift; path = Segue.swift; sourceTree = "<group>"; };
		0D6E47391CD0648A009FAA0C /* UIimage+Extras.swift */ = {isa = PBXFileReference; fileEncoding = 4; lastKnownFileType = sourcecode.swift; path = "UIimage+Extras.swift"; sourceTree = "<group>"; };
		0D7BA0391CD55AA10037DD1B /* UIControl+Blocks.swift */ = {isa = PBXFileReference; fileEncoding = 4; lastKnownFileType = sourcecode.swift; path = "UIControl+Blocks.swift"; sourceTree = "<group>"; };
		0D7BA04E1CD5D5850037DD1B /* UITextField+PickerView.swift */ = {isa = PBXFileReference; fileEncoding = 4; lastKnownFileType = sourcecode.swift; path = "UITextField+PickerView.swift"; sourceTree = "<group>"; };
		0D85AD9E1CDFCBC100BC5B07 /* String+Extras.swift */ = {isa = PBXFileReference; fileEncoding = 4; lastKnownFileType = sourcecode.swift; path = "String+Extras.swift"; sourceTree = "<group>"; };
		0D9C64651CC4575400B7AA5C /* ExtraKit.framework */ = {isa = PBXFileReference; explicitFileType = wrapper.framework; includeInIndex = 0; path = ExtraKit.framework; sourceTree = BUILT_PRODUCTS_DIR; };
		0D9C646A1CC4575400B7AA5C /* Info.plist */ = {isa = PBXFileReference; lastKnownFileType = text.plist.xml; path = Info.plist; sourceTree = "<group>"; };
		0D9C64741CC45C1800B7AA5C /* NSObject+AssociatedObject.swift */ = {isa = PBXFileReference; fileEncoding = 4; lastKnownFileType = sourcecode.swift; path = "NSObject+AssociatedObject.swift"; sourceTree = "<group>"; };
		0D9C64851CC4807200B7AA5C /* UIScrollView+Keyboard.swift */ = {isa = PBXFileReference; fileEncoding = 4; lastKnownFileType = sourcecode.swift; path = "UIScrollView+Keyboard.swift"; sourceTree = "<group>"; };
		0D9ED7FF1D0501C500FFA284 /* UIResponder+TextInput.swift */ = {isa = PBXFileReference; fileEncoding = 4; lastKnownFileType = sourcecode.swift; path = "UIResponder+TextInput.swift"; sourceTree = "<group>"; };
		0D9ED8011D0501D900FFA284 /* UIKit+Extras.swift */ = {isa = PBXFileReference; fileEncoding = 4; lastKnownFileType = sourcecode.swift; path = "UIKit+Extras.swift"; sourceTree = "<group>"; };
		0DABFE6D1CC48F9B00C9A44A /* UITextField+DatePicker.swift */ = {isa = PBXFileReference; fileEncoding = 4; lastKnownFileType = sourcecode.swift; path = "UITextField+DatePicker.swift"; sourceTree = "<group>"; };
		0DABFE6F1CC4958B00C9A44A /* Foundation+Extensions.swift */ = {isa = PBXFileReference; fileEncoding = 4; lastKnownFileType = sourcecode.swift; path = "Foundation+Extensions.swift"; sourceTree = "<group>"; };
		0DCEB27D1CD273C100B4ABDF /* genswiftstrings.swift */ = {isa = PBXFileReference; fileEncoding = 4; lastKnownFileType = sourcecode.swift; path = genswiftstrings.swift; sourceTree = "<group>"; };
/* End PBXFileReference section */

/* Begin PBXFrameworksBuildPhase section */
		0D9C64611CC4575400B7AA5C /* Frameworks */ = {
			isa = PBXFrameworksBuildPhase;
			buildActionMask = 2147483647;
			files = (
			);
			runOnlyForDeploymentPostprocessing = 0;
		};
/* End PBXFrameworksBuildPhase section */

/* Begin PBXGroup section */
		0D9C645B1CC4575400B7AA5C = {
			isa = PBXGroup;
			children = (
				0D9C64671CC4575400B7AA5C /* ExtraKit */,
				0D9C64661CC4575400B7AA5C /* Products */,
			);
			sourceTree = "<group>";
		};
		0D9C64661CC4575400B7AA5C /* Products */ = {
			isa = PBXGroup;
			children = (
				0D9C64651CC4575400B7AA5C /* ExtraKit.framework */,
			);
			name = Products;
			sourceTree = "<group>";
		};
		0D9C64671CC4575400B7AA5C /* ExtraKit */ = {
			isa = PBXGroup;
			children = (
				0D0F10C01D298FC500C91AE9 /* genswiftstoryboards.swift */,
				0DCEB27D1CD273C100B4ABDF /* genswiftstrings.swift */,
				0D7BA0391CD55AA10037DD1B /* UIControl+Blocks.swift */,
				0D35B1311CDFAF0B00601560 /* UIImagePickerController+Extras.swift */,
				0DABFE6D1CC48F9B00C9A44A /* UITextField+DatePicker.swift */,
				0D85AD9E1CDFCBC100BC5B07 /* String+Extras.swift */,
				0D7BA04E1CD5D5850037DD1B /* UITextField+PickerView.swift */,
				0D9C64851CC4807200B7AA5C /* UIScrollView+Keyboard.swift */,
				0D9ED7FF1D0501C500FFA284 /* UIResponder+TextInput.swift */,
				0D9C64741CC45C1800B7AA5C /* NSObject+AssociatedObject.swift */,
				0DABFE6F1CC4958B00C9A44A /* Foundation+Extensions.swift */,
				0D9ED8011D0501D900FFA284 /* UIKit+Extras.swift */,
				0D6E47391CD0648A009FAA0C /* UIimage+Extras.swift */,
				0D0F10BE1D298BAA00C91AE9 /* Storyboard.swift */,
				0D5707271D12695B0045C6AE /* Segue.swift */,
				0D4A31361D0D1DBF0054AA55 /* LiveObjectList.swift */,
				0D9C646A1CC4575400B7AA5C /* Info.plist */,
			);
			path = ExtraKit;
			sourceTree = "<group>";
		};
/* End PBXGroup section */

/* Begin PBXHeadersBuildPhase section */
		0D9C64621CC4575400B7AA5C /* Headers */ = {
			isa = PBXHeadersBuildPhase;
			buildActionMask = 2147483647;
			files = (
			);
			runOnlyForDeploymentPostprocessing = 0;
		};
/* End PBXHeadersBuildPhase section */

/* Begin PBXNativeTarget section */
		0D9C64641CC4575400B7AA5C /* ExtraKit */ = {
			isa = PBXNativeTarget;
			buildConfigurationList = 0D9C646D1CC4575400B7AA5C /* Build configuration list for PBXNativeTarget "ExtraKit" */;
			buildPhases = (
				0D9C64601CC4575400B7AA5C /* Sources */,
				0D9C64611CC4575400B7AA5C /* Frameworks */,
				0D9C64621CC4575400B7AA5C /* Headers */,
				0D9C64631CC4575400B7AA5C /* Resources */,
			);
			buildRules = (
			);
			dependencies = (
			);
			name = ExtraKit;
			productName = ExtraKit;
			productReference = 0D9C64651CC4575400B7AA5C /* ExtraKit.framework */;
			productType = "com.apple.product-type.framework";
		};
/* End PBXNativeTarget section */

/* Begin PBXProject section */
		0D9C645C1CC4575400B7AA5C /* Project object */ = {
			isa = PBXProject;
			attributes = {
				LastUpgradeCheck = 0730;
				ORGANIZATIONNAME = rickb;
				TargetAttributes = {
					0D9C64641CC4575400B7AA5C = {
						CreatedOnToolsVersion = 7.3;
					};
				};
			};
			buildConfigurationList = 0D9C645F1CC4575400B7AA5C /* Build configuration list for PBXProject "ExtraKit" */;
			compatibilityVersion = "Xcode 3.2";
			developmentRegion = English;
			hasScannedForEncodings = 0;
			knownRegions = (
				en,
			);
			mainGroup = 0D9C645B1CC4575400B7AA5C;
			productRefGroup = 0D9C64661CC4575400B7AA5C /* Products */;
			projectDirPath = "";
			projectRoot = "";
			targets = (
				0D9C64641CC4575400B7AA5C /* ExtraKit */,
			);
		};
/* End PBXProject section */

/* Begin PBXResourcesBuildPhase section */
		0D9C64631CC4575400B7AA5C /* Resources */ = {
			isa = PBXResourcesBuildPhase;
			buildActionMask = 2147483647;
			files = (
			);
			runOnlyForDeploymentPostprocessing = 0;
		};
/* End PBXResourcesBuildPhase section */

/* Begin PBXSourcesBuildPhase section */
		0D9C64601CC4575400B7AA5C /* Sources */ = {
			isa = PBXSourcesBuildPhase;
			buildActionMask = 2147483647;
			files = (
				0D6E473A1CD0648A009FAA0C /* UIimage+Extras.swift in Sources */,
				0D9ED8001D0501C500FFA284 /* UIResponder+TextInput.swift in Sources */,
				0D35B1321CDFAF0B00601560 /* UIImagePickerController+Extras.swift in Sources */,
				0D5707281D12695B0045C6AE /* Segue.swift in Sources */,
				0D7BA03A1CD55AA10037DD1B /* UIControl+Blocks.swift in Sources */,
				0D7BA04F1CD5D5850037DD1B /* UITextField+PickerView.swift in Sources */,
				0D9C64751CC45C1800B7AA5C /* NSObject+AssociatedObject.swift in Sources */,
				0D4A31371D0D1DBF0054AA55 /* LiveObjectList.swift in Sources */,
				0DABFE6E1CC48F9B00C9A44A /* UITextField+DatePicker.swift in Sources */,
				0D9ED8021D0501D900FFA284 /* UIKit+Extras.swift in Sources */,
				0D0F10BF1D298BAA00C91AE9 /* Storyboard.swift in Sources */,
				0D9C64861CC4807200B7AA5C /* UIScrollView+Keyboard.swift in Sources */,
				0DABFE701CC4958B00C9A44A /* Foundation+Extensions.swift in Sources */,
				0D85ADA01CDFEBB100BC5B07 /* String+Extras.swift in Sources */,
			);
			runOnlyForDeploymentPostprocessing = 0;
		};
/* End PBXSourcesBuildPhase section */

/* Begin XCBuildConfiguration section */
		0D9C646B1CC4575400B7AA5C /* Debug */ = {
			isa = XCBuildConfiguration;
			buildSettings = {
				ALWAYS_SEARCH_USER_PATHS = NO;
				CLANG_ANALYZER_NONNULL = YES;
				CLANG_CXX_LANGUAGE_STANDARD = "gnu++0x";
				CLANG_CXX_LIBRARY = "libc++";
				CLANG_ENABLE_MODULES = YES;
				CLANG_ENABLE_OBJC_ARC = YES;
				CLANG_WARN_BOOL_CONVERSION = YES;
				CLANG_WARN_CONSTANT_CONVERSION = YES;
				CLANG_WARN_DIRECT_OBJC_ISA_USAGE = YES_ERROR;
				CLANG_WARN_EMPTY_BODY = YES;
				CLANG_WARN_ENUM_CONVERSION = YES;
				CLANG_WARN_INT_CONVERSION = YES;
				CLANG_WARN_OBJC_ROOT_CLASS = YES_ERROR;
				CLANG_WARN_UNREACHABLE_CODE = YES;
				CLANG_WARN__DUPLICATE_METHOD_MATCH = YES;
				"CODE_SIGN_IDENTITY[sdk=iphoneos*]" = "iPhone Developer";
				COPY_PHASE_STRIP = NO;
				CURRENT_PROJECT_VERSION = 1;
				DEBUG_INFORMATION_FORMAT = dwarf;
				ENABLE_STRICT_OBJC_MSGSEND = YES;
				ENABLE_TESTABILITY = YES;
				GCC_C_LANGUAGE_STANDARD = gnu99;
				GCC_DYNAMIC_NO_PIC = NO;
				GCC_NO_COMMON_BLOCKS = YES;
				GCC_OPTIMIZATION_LEVEL = 0;
				GCC_PREPROCESSOR_DEFINITIONS = (
					"DEBUG=1",
					"$(inherited)",
				);
				GCC_WARN_64_TO_32_BIT_CONVERSION = YES;
				GCC_WARN_ABOUT_RETURN_TYPE = YES_ERROR;
				GCC_WARN_UNDECLARED_SELECTOR = YES;
				GCC_WARN_UNINITIALIZED_AUTOS = YES_AGGRESSIVE;
				GCC_WARN_UNUSED_FUNCTION = YES;
				GCC_WARN_UNUSED_VARIABLE = YES;
				IPHONEOS_DEPLOYMENT_TARGET = 9.0;
				MTL_ENABLE_DEBUG_INFO = YES;
				ONLY_ACTIVE_ARCH = YES;
				SDKROOT = iphoneos;
				SWIFT_OPTIMIZATION_LEVEL = "-Onone";
				TARGETED_DEVICE_FAMILY = "1,2";
				VERSIONING_SYSTEM = "apple-generic";
				VERSION_INFO_PREFIX = "";
			};
			name = Debug;
		};
		0D9C646C1CC4575400B7AA5C /* Release */ = {
			isa = XCBuildConfiguration;
			buildSettings = {
				ALWAYS_SEARCH_USER_PATHS = NO;
				CLANG_ANALYZER_NONNULL = YES;
				CLANG_CXX_LANGUAGE_STANDARD = "gnu++0x";
				CLANG_CXX_LIBRARY = "libc++";
				CLANG_ENABLE_MODULES = YES;
				CLANG_ENABLE_OBJC_ARC = YES;
				CLANG_WARN_BOOL_CONVERSION = YES;
				CLANG_WARN_CONSTANT_CONVERSION = YES;
				CLANG_WARN_DIRECT_OBJC_ISA_USAGE = YES_ERROR;
				CLANG_WARN_EMPTY_BODY = YES;
				CLANG_WARN_ENUM_CONVERSION = YES;
				CLANG_WARN_INT_CONVERSION = YES;
				CLANG_WARN_OBJC_ROOT_CLASS = YES_ERROR;
				CLANG_WARN_UNREACHABLE_CODE = YES;
				CLANG_WARN__DUPLICATE_METHOD_MATCH = YES;
				"CODE_SIGN_IDENTITY[sdk=iphoneos*]" = "iPhone Developer";
				COPY_PHASE_STRIP = NO;
				CURRENT_PROJECT_VERSION = 1;
				DEBUG_INFORMATION_FORMAT = "dwarf-with-dsym";
				ENABLE_NS_ASSERTIONS = NO;
				ENABLE_STRICT_OBJC_MSGSEND = YES;
				GCC_C_LANGUAGE_STANDARD = gnu99;
				GCC_NO_COMMON_BLOCKS = YES;
				GCC_WARN_64_TO_32_BIT_CONVERSION = YES;
				GCC_WARN_ABOUT_RETURN_TYPE = YES_ERROR;
				GCC_WARN_UNDECLARED_SELECTOR = YES;
				GCC_WARN_UNINITIALIZED_AUTOS = YES_AGGRESSIVE;
				GCC_WARN_UNUSED_FUNCTION = YES;
				GCC_WARN_UNUSED_VARIABLE = YES;
				IPHONEOS_DEPLOYMENT_TARGET = 9.0;
				MTL_ENABLE_DEBUG_INFO = NO;
				SDKROOT = iphoneos;
				TARGETED_DEVICE_FAMILY = "1,2";
				VALIDATE_PRODUCT = YES;
				VERSIONING_SYSTEM = "apple-generic";
				VERSION_INFO_PREFIX = "";
			};
			name = Release;
		};
		0D9C646E1CC4575400B7AA5C /* Debug */ = {
			isa = XCBuildConfiguration;
			buildSettings = {
				CLANG_ENABLE_MODULES = YES;
				DEFINES_MODULE = YES;
				DYLIB_COMPATIBILITY_VERSION = 1;
				DYLIB_CURRENT_VERSION = 1;
				DYLIB_INSTALL_NAME_BASE = "@rpath";
				INFOPLIST_FILE = ExtraKit/Info.plist;
				INSTALL_PATH = "$(LOCAL_LIBRARY_DIR)/Frameworks";
				LD_RUNPATH_SEARCH_PATHS = "$(inherited) @executable_path/Frameworks @loader_path/Frameworks";
				PRODUCT_BUNDLE_IDENTIFIER = com.rickb.ExtraKit;
				PRODUCT_NAME = "$(TARGET_NAME)";
				SKIP_INSTALL = YES;
				SWIFT_OPTIMIZATION_LEVEL = "-Onone";
			};
			name = Debug;
		};
		0D9C646F1CC4575400B7AA5C /* Release */ = {
			isa = XCBuildConfiguration;
			buildSettings = {
				CLANG_ENABLE_MODULES = YES;
				DEFINES_MODULE = YES;
				DYLIB_COMPATIBILITY_VERSION = 1;
				DYLIB_CURRENT_VERSION = 1;
				DYLIB_INSTALL_NAME_BASE = "@rpath";
				INFOPLIST_FILE = ExtraKit/Info.plist;
				INSTALL_PATH = "$(LOCAL_LIBRARY_DIR)/Frameworks";
				LD_RUNPATH_SEARCH_PATHS = "$(inherited) @executable_path/Frameworks @loader_path/Frameworks";
				PRODUCT_BUNDLE_IDENTIFIER = com.rickb.ExtraKit;
				PRODUCT_NAME = "$(TARGET_NAME)";
				SKIP_INSTALL = YES;
			};
			name = Release;
		};
/* End XCBuildConfiguration section */

/* Begin XCConfigurationList section */
		0D9C645F1CC4575400B7AA5C /* Build configuration list for PBXProject "ExtraKit" */ = {
			isa = XCConfigurationList;
			buildConfigurations = (
				0D9C646B1CC4575400B7AA5C /* Debug */,
				0D9C646C1CC4575400B7AA5C /* Release */,
			);
			defaultConfigurationIsVisible = 0;
			defaultConfigurationName = Release;
		};
		0D9C646D1CC4575400B7AA5C /* Build configuration list for PBXNativeTarget "ExtraKit" */ = {
			isa = XCConfigurationList;
			buildConfigurations = (
				0D9C646E1CC4575400B7AA5C /* Debug */,
				0D9C646F1CC4575400B7AA5C /* Release */,
			);
			defaultConfigurationIsVisible = 0;
			defaultConfigurationName = Release;
		};
/* End XCConfigurationList section */
	};
	rootObject = 0D9C645C1CC4575400B7AA5C /* Project object */;
}
